
Microsoft Visual Studio Solution File, Format Version 12.00
Project("{2150E333-8FDC-42A3-9474-1A3956D46DE8}") = "src", "src", "{9998B234-B521-439E-BC81-4C7D1EE078BA}"
EndProject
Project("{FAE04EC0-301F-11D3-BF4B-00C04F79EFBC}") = "App", "src\App\App.csproj", "{7EC2ADC2-BCB6-43CA-A7F0-50250AA0CB25}"
EndProject
Project("{2150E333-8FDC-42A3-9474-1A3956D46DE8}") = "test", "test", "{B7E839B4-A9BA-4698-AE75-F2663942436D}"
EndProject
Project("{FAE04EC0-301F-11D3-BF4B-00C04F79EFBC}") = "Tests", "test\Tests\Tests.csproj", "{7850928B-28C0-4249-9AC3-3EBC7D2CCB2C}"
EndProject
Project("{FAE04EC0-301F-11D3-BF4B-00C04F79EFBC}") = "TestCode", "test\TestCode\TestCode.csproj", "{F3EF817D-A374-4E9E-BEE5-95FBB98DD1F6}"
EndProject
Project("{FAE04EC0-301F-11D3-BF4B-00C04F79EFBC}") = "MediatrCode", "test\MediatrCode\MediatrCode.csproj", "{063C9826-B1FF-495B-B0DF-7EC919FACDA5}"
EndProject
Global
	GlobalSection(SolutionConfigurationPlatforms) = preSolution
		Debug|Any CPU = Debug|Any CPU
		Release|Any CPU = Release|Any CPU
	EndGlobalSection
	GlobalSection(ProjectConfigurationPlatforms) = postSolution
		{7EC2ADC2-BCB6-43CA-A7F0-50250AA0CB25}.Debug|Any CPU.ActiveCfg = Debug|Any CPU
		{7EC2ADC2-BCB6-43CA-A7F0-50250AA0CB25}.Debug|Any CPU.Build.0 = Debug|Any CPU
		{7EC2ADC2-BCB6-43CA-A7F0-50250AA0CB25}.Release|Any CPU.ActiveCfg = Release|Any CPU
		{7EC2ADC2-BCB6-43CA-A7F0-50250AA0CB25}.Release|Any CPU.Build.0 = Release|Any CPU
		{7850928B-28C0-4249-9AC3-3EBC7D2CCB2C}.Debug|Any CPU.ActiveCfg = Debug|Any CPU
		{7850928B-28C0-4249-9AC3-3EBC7D2CCB2C}.Debug|Any CPU.Build.0 = Debug|Any CPU
		{7850928B-28C0-4249-9AC3-3EBC7D2CCB2C}.Release|Any CPU.ActiveCfg = Release|Any CPU
		{7850928B-28C0-4249-9AC3-3EBC7D2CCB2C}.Release|Any CPU.Build.0 = Release|Any CPU
		{F3EF817D-A374-4E9E-BEE5-95FBB98DD1F6}.Debug|Any CPU.ActiveCfg = Debug|Any CPU
		{F3EF817D-A374-4E9E-BEE5-95FBB98DD1F6}.Debug|Any CPU.Build.0 = Debug|Any CPU
		{F3EF817D-A374-4E9E-BEE5-95FBB98DD1F6}.Release|Any CPU.ActiveCfg = Release|Any CPU
		{F3EF817D-A374-4E9E-BEE5-95FBB98DD1F6}.Release|Any CPU.Build.0 = Release|Any CPU
		{063C9826-B1FF-495B-B0DF-7EC919FACDA5}.Debug|Any CPU.ActiveCfg = Debug|Any CPU
		{063C9826-B1FF-495B-B0DF-7EC919FACDA5}.Debug|Any CPU.Build.0 = Debug|Any CPU
		{063C9826-B1FF-495B-B0DF-7EC919FACDA5}.Release|Any CPU.ActiveCfg = Release|Any CPU
		{063C9826-B1FF-495B-B0DF-7EC919FACDA5}.Release|Any CPU.Build.0 = Release|Any CPU
	EndGlobalSection
	GlobalSection(NestedProjects) = preSolution
		{7EC2ADC2-BCB6-43CA-A7F0-50250AA0CB25} = {9998B234-B521-439E-BC81-4C7D1EE078BA}
		{7850928B-28C0-4249-9AC3-3EBC7D2CCB2C} = {B7E839B4-A9BA-4698-AE75-F2663942436D}
		{F3EF817D-A374-4E9E-BEE5-95FBB98DD1F6} = {B7E839B4-A9BA-4698-AE75-F2663942436D}
		{063C9826-B1FF-495B-B0DF-7EC919FACDA5} = {B7E839B4-A9BA-4698-AE75-F2663942436D}
	EndGlobalSection
EndGlobal
